// !$*UTF8*$!
{
	archiveVersion = 1;
	classes = {
	};
	objectVersion = 46;
	objects = {

/* Begin PBXBuildFile section */
		9E9A7B661E45147200281773 /* AppDelegate.swift in Sources */ = {isa = PBXBuildFile; fileRef = 9E9A7B651E45147200281773 /* AppDelegate.swift */; };
		9E9A7B6B1E45147200281773 /* Main.storyboard in Resources */ = {isa = PBXBuildFile; fileRef = 9E9A7B691E45147200281773 /* Main.storyboard */; };
		9E9A7B6D1E45147200281773 /* Assets.xcassets in Resources */ = {isa = PBXBuildFile; fileRef = 9E9A7B6C1E45147200281773 /* Assets.xcassets */; };
		9E9A7B701E45147200281773 /* LaunchScreen.storyboard in Resources */ = {isa = PBXBuildFile; fileRef = 9E9A7B6E1E45147200281773 /* LaunchScreen.storyboard */; };
		9E9A7B781E4514E500281773 /* SessionTableViewController.swift in Sources */ = {isa = PBXBuildFile; fileRef = 9E9A7B771E4514E500281773 /* SessionTableViewController.swift */; };
		9E9A7B7C1E45158500281773 /* CloudKit.framework in Frameworks */ = {isa = PBXBuildFile; fileRef = 9E9A7B7B1E45158500281773 /* CloudKit.framework */; };
		9E9A7B7E1E45158C00281773 /* GameKit.framework in Frameworks */ = {isa = PBXBuildFile; fileRef = 9E9A7B7D1E45158C00281773 /* GameKit.framework */; };
		9E9A7B801E452A6000281773 /* SessionDetailTableViewController.swift in Sources */ = {isa = PBXBuildFile; fileRef = 9E9A7B7F1E452A6000281773 /* SessionDetailTableViewController.swift */; };
/* End PBXBuildFile section */

/* Begin PBXFileReference section */
		9E9A7B621E45147200281773 /* GKSessionTest.app */ = {isa = PBXFileReference; explicitFileType = wrapper.application; includeInIndex = 0; path = GKSessionTest.app; sourceTree = BUILT_PRODUCTS_DIR; };
		9E9A7B651E45147200281773 /* AppDelegate.swift */ = {isa = PBXFileReference; lastKnownFileType = sourcecode.swift; path = AppDelegate.swift; sourceTree = "<group>"; };
		9E9A7B6A1E45147200281773 /* Base */ = {isa = PBXFileReference; lastKnownFileType = file.storyboard; name = Base; path = Base.lproj/Main.storyboard; sourceTree = "<group>"; };
		9E9A7B6C1E45147200281773 /* Assets.xcassets */ = {isa = PBXFileReference; lastKnownFileType = folder.assetcatalog; path = Assets.xcassets; sourceTree = "<group>"; };
		9E9A7B6F1E45147200281773 /* Base */ = {isa = PBXFileReference; lastKnownFileType = file.storyboard; name = Base; path = Base.lproj/LaunchScreen.storyboard; sourceTree = "<group>"; };
		9E9A7B711E45147200281773 /* Info.plist */ = {isa = PBXFileReference; lastKnownFileType = text.plist.xml; path = Info.plist; sourceTree = "<group>"; };
		9E9A7B771E4514E500281773 /* SessionTableViewController.swift */ = {isa = PBXFileReference; fileEncoding = 4; lastKnownFileType = sourcecode.swift; path = SessionTableViewController.swift; sourceTree = "<group>"; };
		9E9A7B791E45158100281773 /* GKSessionTest.entitlements */ = {isa = PBXFileReference; lastKnownFileType = text.plist.entitlements; path = GKSessionTest.entitlements; sourceTree = "<group>"; };
		9E9A7B7B1E45158500281773 /* CloudKit.framework */ = {isa = PBXFileReference; lastKnownFileType = wrapper.framework; name = CloudKit.framework; path = System/Library/Frameworks/CloudKit.framework; sourceTree = SDKROOT; };
		9E9A7B7D1E45158C00281773 /* GameKit.framework */ = {isa = PBXFileReference; lastKnownFileType = wrapper.framework; name = GameKit.framework; path = System/Library/Frameworks/GameKit.framework; sourceTree = SDKROOT; };
		9E9A7B7F1E452A6000281773 /* SessionDetailTableViewController.swift */ = {isa = PBXFileReference; fileEncoding = 4; lastKnownFileType = sourcecode.swift; path = SessionDetailTableViewController.swift; sourceTree = "<group>"; };
/* End PBXFileReference section */

/* Begin PBXFrameworksBuildPhase section */
		9E9A7B5F1E45147200281773 /* Frameworks */ = {
			isa = PBXFrameworksBuildPhase;
			buildActionMask = 2147483647;
			files = (
				9E9A7B7C1E45158500281773 /* CloudKit.framework in Frameworks */,
				9E9A7B7E1E45158C00281773 /* GameKit.framework in Frameworks */,
			);
			runOnlyForDeploymentPostprocessing = 0;
		};
/* End PBXFrameworksBuildPhase section */

/* Begin PBXGroup section */
		9E9A7B591E45147200281773 = {
			isa = PBXGroup;
			children = (
				9E9A7B641E45147200281773 /* GKSessionTest */,
				9E9A7B631E45147200281773 /* Products */,
				9E9A7B7A1E45158500281773 /* Frameworks */,
			);
			sourceTree = "<group>";
		};
		9E9A7B631E45147200281773 /* Products */ = {
			isa = PBXGroup;
			children = (
				9E9A7B621E45147200281773 /* GKSessionTest.app */,
			);
			name = Products;
			sourceTree = "<group>";
		};
		9E9A7B641E45147200281773 /* GKSessionTest */ = {
			isa = PBXGroup;
			children = (
				9E9A7B791E45158100281773 /* GKSessionTest.entitlements */,
				9E9A7B651E45147200281773 /* AppDelegate.swift */,
				9E9A7B691E45147200281773 /* Main.storyboard */,
				9E9A7B6C1E45147200281773 /* Assets.xcassets */,
				9E9A7B6E1E45147200281773 /* LaunchScreen.storyboard */,
				9E9A7B711E45147200281773 /* Info.plist */,
				9E9A7B771E4514E500281773 /* SessionTableViewController.swift */,
				9E9A7B7F1E452A6000281773 /* SessionDetailTableViewController.swift */,
			);
			path = GKSessionTest;
			sourceTree = "<group>";
		};
		9E9A7B7A1E45158500281773 /* Frameworks */ = {
			isa = PBXGroup;
			children = (
				9E9A7B7D1E45158C00281773 /* GameKit.framework */,
				9E9A7B7B1E45158500281773 /* CloudKit.framework */,
			);
			name = Frameworks;
			sourceTree = "<group>";
		};
/* End PBXGroup section */

/* Begin PBXNativeTarget section */
		9E9A7B611E45147200281773 /* GKSessionTest */ = {
			isa = PBXNativeTarget;
			buildConfigurationList = 9E9A7B741E45147200281773 /* Build configuration list for PBXNativeTarget "GKSessionTest" */;
			buildPhases = (
				9E9A7B5E1E45147200281773 /* Sources */,
				9E9A7B5F1E45147200281773 /* Frameworks */,
				9E9A7B601E45147200281773 /* Resources */,
			);
			buildRules = (
			);
			dependencies = (
			);
			name = GKSessionTest;
			productName = GKSessionTest;
			productReference = 9E9A7B621E45147200281773 /* GKSessionTest.app */;
			productType = "com.apple.product-type.application";
		};
/* End PBXNativeTarget section */

/* Begin PBXProject section */
		9E9A7B5A1E45147200281773 /* Project object */ = {
			isa = PBXProject;
			attributes = {
				LastSwiftUpdateCheck = 0820;
				LastUpgradeCheck = 0820;
				ORGANIZATIONNAME = "Kevin Carrogan";
				TargetAttributes = {
					9E9A7B611E45147200281773 = {
						CreatedOnToolsVersion = 8.2.1;
						DevelopmentTeam = 4X725K6659;
						ProvisioningStyle = Automatic;
						SystemCapabilities = {
							com.apple.GameCenter = {
								enabled = 1;
							};
							com.apple.Push = {
								enabled = 1;
							};
							com.apple.iCloud = {
								enabled = 1;
							};
						};
					};
				};
			};
			buildConfigurationList = 9E9A7B5D1E45147200281773 /* Build configuration list for PBXProject "GKSessionTest" */;
			compatibilityVersion = "Xcode 3.2";
			developmentRegion = English;
			hasScannedForEncodings = 0;
			knownRegions = (
				en,
				Base,
			);
			mainGroup = 9E9A7B591E45147200281773;
			productRefGroup = 9E9A7B631E45147200281773 /* Products */;
			projectDirPath = "";
			projectRoot = "";
			targets = (
				9E9A7B611E45147200281773 /* GKSessionTest */,
			);
		};
/* End PBXProject section */

/* Begin PBXResourcesBuildPhase section */
		9E9A7B601E45147200281773 /* Resources */ = {
			isa = PBXResourcesBuildPhase;
			buildActionMask = 2147483647;
			files = (
				9E9A7B701E45147200281773 /* LaunchScreen.storyboard in Resources */,
				9E9A7B6D1E45147200281773 /* Assets.xcassets in Resources */,
				9E9A7B6B1E45147200281773 /* Main.storyboard in Resources */,
			);
			runOnlyForDeploymentPostprocessing = 0;
		};
/* End PBXResourcesBuildPhase section */

/* Begin PBXSourcesBuildPhase section */
		9E9A7B5E1E45147200281773 /* Sources */ = {
			isa = PBXSourcesBuildPhase;
			buildActionMask = 2147483647;
			files = (
				9E9A7B781E4514E500281773 /* SessionTableViewController.swift in Sources */,
				9E9A7B661E45147200281773 /* AppDelegate.swift in Sources */,
				9E9A7B801E452A6000281773 /* SessionDetailTableViewController.swift in Sources */,
			);
			runOnlyForDeploymentPostprocessing = 0;
		};
/* End PBXSourcesBuildPhase section */

/* Begin PBXVariantGroup section */
		9E9A7B691E45147200281773 /* Main.storyboard */ = {
			isa = PBXVariantGroup;
			children = (
				9E9A7B6A1E45147200281773 /* Base */,
			);
			name = Main.storyboard;
			sourceTree = "<group>";
		};
		9E9A7B6E1E45147200281773 /* LaunchScreen.storyboard */ = {
			isa = PBXVariantGroup;
			children = (
				9E9A7B6F1E45147200281773 /* Base */,
			);
			name = LaunchScreen.storyboard;
			sourceTree = "<group>";
		};
/* End PBXVariantGroup section */

/* Begin XCBuildConfiguration section */
		9E9A7B721E45147200281773 /* Debug */ = {
			isa = XCBuildConfiguration;
			buildSettings = {
				ALWAYS_SEARCH_USER_PATHS = NO;
				CLANG_ANALYZER_NONNULL = YES;
				CLANG_CXX_LANGUAGE_STANDARD = "gnu++0x";
				CLANG_CXX_LIBRARY = "libc++";
				CLANG_ENABLE_MODULES = YES;
				CLANG_ENABLE_OBJC_ARC = YES;
				CLANG_WARN_BOOL_CONVERSION = YES;
				CLANG_WARN_CONSTANT_CONVERSION = YES;
				CLANG_WARN_DIRECT_OBJC_ISA_USAGE = YES_ERROR;
				CLANG_WARN_DOCUMENTATION_COMMENTS = YES;
				CLANG_WARN_EMPTY_BODY = YES;
				CLANG_WARN_ENUM_CONVERSION = YES;
				CLANG_WARN_INFINITE_RECURSION = YES;
				CLANG_WARN_INT_CONVERSION = YES;
				CLANG_WARN_OBJC_ROOT_CLASS = YES_ERROR;
				CLANG_WARN_SUSPICIOUS_MOVE = YES;
				CLANG_WARN_UNREACHABLE_CODE = YES;
				CLANG_WARN__DUPLICATE_METHOD_MATCH = YES;
				"CODE_SIGN_IDENTITY[sdk=iphoneos*]" = "iPhone Developer";
				COPY_PHASE_STRIP = NO;
				DEBUG_INFORMATION_FORMAT = dwarf;
				ENABLE_STRICT_OBJC_MSGSEND = YES;
				ENABLE_TESTABILITY = YES;
				GCC_C_LANGUAGE_STANDARD = gnu99;
				GCC_DYNAMIC_NO_PIC = NO;
				GCC_NO_COMMON_BLOCKS = YES;
				GCC_OPTIMIZATION_LEVEL = 0;
				GCC_PREPROCESSOR_DEFINITIONS = (
					"DEBUG=1",
					"$(inherited)",
				);
				GCC_WARN_64_TO_32_BIT_CONVERSION = YES;
				GCC_WARN_ABOUT_RETURN_TYPE = YES_ERROR;
				GCC_WARN_UNDECLARED_SELECTOR = YES;
				GCC_WARN_UNINITIALIZED_AUTOS = YES_AGGRESSIVE;
				GCC_WARN_UNUSED_FUNCTION = YES;
				GCC_WARN_UNUSED_VARIABLE = YES;
				IPHONEOS_DEPLOYMENT_TARGET = 10.2;
				MTL_ENABLE_DEBUG_INFO = YES;
				ONLY_ACTIVE_ARCH = YES;
				SDKROOT = iphoneos;
				SWIFT_ACTIVE_COMPILATION_CONDITIONS = DEBUG;
				SWIFT_OPTIMIZATION_LEVEL = "-Onone";
			};
			name = Debug;
		};
		9E9A7B731E45147200281773 /* Release */ = {
			isa = XCBuildConfiguration;
			buildSettings = {
				ALWAYS_SEARCH_USER_PATHS = NO;
				CLANG_ANALYZER_NONNULL = YES;
				CLANG_CXX_LANGUAGE_STANDARD = "gnu++0x";
				CLANG_CXX_LIBRARY = "libc++";
				CLANG_ENABLE_MODULES = YES;
				CLANG_ENABLE_OBJC_ARC = YES;
				CLANG_WARN_BOOL_CONVERSION = YES;
				CLANG_WARN_CONSTANT_CONVERSION = YES;
				CLANG_WARN_DIRECT_OBJC_ISA_USAGE = YES_ERROR;
				CLANG_WARN_DOCUMENTATION_COMMENTS = YES;
				CLANG_WARN_EMPTY_BODY = YES;
				CLANG_WARN_ENUM_CONVERSION = YES;
				CLANG_WARN_INFINITE_RECURSION = YES;
				CLANG_WARN_INT_CONVERSION = YES;
				CLANG_WARN_OBJC_ROOT_CLASS = YES_ERROR;
				CLANG_WARN_SUSPICIOUS_MOVE = YES;
				CLANG_WARN_UNREACHABLE_CODE = YES;
				CLANG_WARN__DUPLICATE_METHOD_MATCH = YES;
				"CODE_SIGN_IDENTITY[sdk=iphoneos*]" = "iPhone Developer";
				COPY_PHASE_STRIP = NO;
				DEBUG_INFORMATION_FORMAT = "dwarf-with-dsym";
				ENABLE_NS_ASSERTIONS = NO;
				ENABLE_STRICT_OBJC_MSGSEND = YES;
				GCC_C_LANGUAGE_STANDARD = gnu99;
				GCC_NO_COMMON_BLOCKS = YES;
				GCC_WARN_64_TO_32_BIT_CONVERSION = YES;
				GCC_WARN_ABOUT_RETURN_TYPE = YES_ERROR;
				GCC_WARN_UNDECLARED_SELECTOR = YES;
				GCC_WARN_UNINITIALIZED_AUTOS = YES_AGGRESSIVE;
				GCC_WARN_UNUSED_FUNCTION = YES;
				GCC_WARN_UNUSED_VARIABLE = YES;
				IPHONEOS_DEPLOYMENT_TARGET = 10.2;
				MTL_ENABLE_DEBUG_INFO = NO;
				SDKROOT = iphoneos;
				SWIFT_OPTIMIZATION_LEVEL = "-Owholemodule";
				VALIDATE_PRODUCT = YES;
			};
			name = Release;
		};
		9E9A7B751E45147200281773 /* Debug */ = {
			isa = XCBuildConfiguration;
			buildSettings = {
				ASSETCATALOG_COMPILER_APPICON_NAME = AppIcon;
				CODE_SIGN_ENTITLEMENTS = GKSessionTest/GKSessionTest.entitlements;
				DEVELOPMENT_TEAM = 4X725K6659;
				INFOPLIST_FILE = GKSessionTest/Info.plist;
				LD_RUNPATH_SEARCH_PATHS = "$(inherited) @executable_path/Frameworks";
				PRODUCT_BUNDLE_IDENTIFIER = com.carrogan.GKSessionTest;
				PRODUCT_NAME = "$(TARGET_NAME)";
				SWIFT_VERSION = 3.0;
			};
			name = Debug;
		};
		9E9A7B761E45147200281773 /* Release */ = {
			isa = XCBuildConfiguration;
			buildSettings = {
				ASSETCATALOG_COMPILER_APPICON_NAME = AppIcon;
				CODE_SIGN_ENTITLEMENTS = GKSessionTest/GKSessionTest.entitlements;
				DEVELOPMENT_TEAM = 4X725K6659;
				INFOPLIST_FILE = GKSessionTest/Info.plist;
				LD_RUNPATH_SEARCH_PATHS = "$(inherited) @executable_path/Frameworks";
				PRODUCT_BUNDLE_IDENTIFIER = com.carrogan.GKSessionTest;
				PRODUCT_NAME = "$(TARGET_NAME)";
				SWIFT_VERSION = 3.0;
			};
			name = Release;
		};
/* End XCBuildConfiguration section */

/* Begin XCConfigurationList section */
		9E9A7B5D1E45147200281773 /* Build configuration list for PBXProject "GKSessionTest" */ = {
			isa = XCConfigurationList;
			buildConfigurations = (
				9E9A7B721E45147200281773 /* Debug */,
				9E9A7B731E45147200281773 /* Release */,
			);
			defaultConfigurationIsVisible = 0;
			defaultConfigurationName = Release;
		};
		9E9A7B741E45147200281773 /* Build configuration list for PBXNativeTarget "GKSessionTest" */ = {
			isa = XCConfigurationList;
			buildConfigurations = (
				9E9A7B751E45147200281773 /* Debug */,
				9E9A7B761E45147200281773 /* Release */,
			);
			defaultConfigurationIsVisible = 0;
		};
/* End XCConfigurationList section */
	};
	rootObject = 9E9A7B5A1E45147200281773 /* Project object */;
}
